
Microsoft Visual Studio Solution File, Format Version 12.00
# Visual Studio Version 17
VisualStudioVersion = 17.8.34004.107
MinimumVisualStudioVersion = 10.0.40219.1
Project("{9A19103F-16F7-4668-BE54-9A1E7A4F7556}") = "OpenDataAccess", "OpenDataAccess.csproj", "{625F7456-E15B-49AB-B23A-EC403E317E31}"
EndProject
Global
	GlobalSection(SolutionConfigurationPlatforms) = preSolution
		Debug|Any CPU = Debug|Any CPU
		Release|Any CPU = Release|Any CPU
	EndGlobalSection
	GlobalSection(ProjectConfigurationPlatforms) = postSolution
		{625F7456-E15B-49AB-B23A-EC403E317E31}.Debug|Any CPU.ActiveCfg = Debug|Any CPU
		{625F7456-E15B-49AB-B23A-EC403E317E31}.Debug|Any CPU.Build.0 = Debug|Any CPU
		{625F7456-E15B-49AB-B23A-EC403E317E31}.Release|Any CPU.ActiveCfg = Release|Any CPU
		{625F7456-E15B-49AB-B23A-EC403E317E31}.Release|Any CPU.Build.0 = Release|Any CPU
	EndGlobalSection
	GlobalSection(SolutionProperties) = preSolution
		HideSolutionNode = FALSE
	EndGlobalSection
	GlobalSection(ExtensibilityGlobals) = postSolution
		SolutionGuid = {17FFE61B-062B-41F9-931A-3B696DE22011}
	EndGlobalSection
EndGlobal
